
Microsoft Visual Studio Solution File, Format Version 12.00
# Visual Studio Version 16
VisualStudioVersion = 16.0.30320.27
MinimumVisualStudioVersion = 10.0.40219.1
Project("{9A19103F-16F7-4668-BE54-9A1E7A4F7556}") = "MusicInfoCompletion.Server", "MusicInfoCompletion.Server\MusicInfoCompletion.Server.csproj", "{09C3524E-C92D-4A5E-954D-B46975F50DF0}"
EndProject
Project("{9A19103F-16F7-4668-BE54-9A1E7A4F7556}") = "MusicInfoCompletion.Data", "MusicInfoCompletion.Data\MusicInfoCompletion.Data.csproj", "{64AAE205-2F0D-4BF3-A9FB-DBBD19F74EC6}"
EndProject
Project("{9A19103F-16F7-4668-BE54-9A1E7A4F7556}") = "MusicInfoCompletion.Common", "MusicInfoCompletion.Common\MusicInfoCompletion.Common.csproj", "{B4E0D59A-2F77-495D-BCAE-BACB26DD6751}"
EndProject
Project("{9A19103F-16F7-4668-BE54-9A1E7A4F7556}") = "MusicInfoCompletion.Index", "MusicInfoCompletion.Index\MusicInfoCompletion.Index.csproj", "{05C163A6-73DC-47B5-BFFF-FB2B7361B9E6}"
EndProject
Project("{9A19103F-16F7-4668-BE54-9A1E7A4F7556}") = "MusicInfoCompletion.Test", "MusicInfoCompletion.Test\MusicInfoCompletion.Test.csproj", "{6E817E43-D1F5-45C8-B383-31CDB77A3F43}"
EndProject
Project("{2150E333-8FDC-42A3-9474-1A3956D46DE8}") = "Misc", "Misc", "{A32444D3-5484-49D0-9CD5-C4BD049279F1}"
	ProjectSection(SolutionItems) = preProject
		..\.github\workflows\dotnet.yml = ..\.github\workflows\dotnet.yml
		..\README.md = ..\README.md
	EndProjectSection
EndProject
Project("{9A19103F-16F7-4668-BE54-9A1E7A4F7556}") = "MusicInfoCompletion.WindowsClient", "MusicInfoCompletion.WindowsClient\MusicInfoCompletion.WindowsClient.csproj", "{FA84A305-F92E-47CE-8504-21BE41F58CDA}"
EndProject
Global
	GlobalSection(SolutionConfigurationPlatforms) = preSolution
		Debug|Any CPU = Debug|Any CPU
		Release|Any CPU = Release|Any CPU
	EndGlobalSection
	GlobalSection(ProjectConfigurationPlatforms) = postSolution
		{09C3524E-C92D-4A5E-954D-B46975F50DF0}.Debug|Any CPU.ActiveCfg = Debug|Any CPU
		{09C3524E-C92D-4A5E-954D-B46975F50DF0}.Debug|Any CPU.Build.0 = Debug|Any CPU
		{09C3524E-C92D-4A5E-954D-B46975F50DF0}.Release|Any CPU.ActiveCfg = Release|Any CPU
		{09C3524E-C92D-4A5E-954D-B46975F50DF0}.Release|Any CPU.Build.0 = Release|Any CPU
		{64AAE205-2F0D-4BF3-A9FB-DBBD19F74EC6}.Debug|Any CPU.ActiveCfg = Debug|Any CPU
		{64AAE205-2F0D-4BF3-A9FB-DBBD19F74EC6}.Debug|Any CPU.Build.0 = Debug|Any CPU
		{64AAE205-2F0D-4BF3-A9FB-DBBD19F74EC6}.Release|Any CPU.ActiveCfg = Release|Any CPU
		{64AAE205-2F0D-4BF3-A9FB-DBBD19F74EC6}.Release|Any CPU.Build.0 = Release|Any CPU
		{B4E0D59A-2F77-495D-BCAE-BACB26DD6751}.Debug|Any CPU.ActiveCfg = Debug|Any CPU
		{B4E0D59A-2F77-495D-BCAE-BACB26DD6751}.Debug|Any CPU.Build.0 = Debug|Any CPU
		{B4E0D59A-2F77-495D-BCAE-BACB26DD6751}.Release|Any CPU.ActiveCfg = Release|Any CPU
		{B4E0D59A-2F77-495D-BCAE-BACB26DD6751}.Release|Any CPU.Build.0 = Release|Any CPU
		{05C163A6-73DC-47B5-BFFF-FB2B7361B9E6}.Debug|Any CPU.ActiveCfg = Debug|Any CPU
		{05C163A6-73DC-47B5-BFFF-FB2B7361B9E6}.Debug|Any CPU.Build.0 = Debug|Any CPU
		{05C163A6-73DC-47B5-BFFF-FB2B7361B9E6}.Release|Any CPU.ActiveCfg = Release|Any CPU
		{05C163A6-73DC-47B5-BFFF-FB2B7361B9E6}.Release|Any CPU.Build.0 = Release|Any CPU
		{6E817E43-D1F5-45C8-B383-31CDB77A3F43}.Debug|Any CPU.ActiveCfg = Debug|Any CPU
		{6E817E43-D1F5-45C8-B383-31CDB77A3F43}.Debug|Any CPU.Build.0 = Debug|Any CPU
		{6E817E43-D1F5-45C8-B383-31CDB77A3F43}.Release|Any CPU.ActiveCfg = Release|Any CPU
		{6E817E43-D1F5-45C8-B383-31CDB77A3F43}.Release|Any CPU.Build.0 = Release|Any CPU
		{FA84A305-F92E-47CE-8504-21BE41F58CDA}.Debug|Any CPU.ActiveCfg = Debug|Any CPU
		{FA84A305-F92E-47CE-8504-21BE41F58CDA}.Debug|Any CPU.Build.0 = Debug|Any CPU
		{FA84A305-F92E-47CE-8504-21BE41F58CDA}.Release|Any CPU.ActiveCfg = Release|Any CPU
		{FA84A305-F92E-47CE-8504-21BE41F58CDA}.Release|Any CPU.Build.0 = Release|Any CPU
	EndGlobalSection
	GlobalSection(SolutionProperties) = preSolution
		HideSolutionNode = FALSE
	EndGlobalSection
	GlobalSection(ExtensibilityGlobals) = postSolution
		SolutionGuid = {9B7F6C66-B22A-4ED3-B612-5744EAF017DE}
	EndGlobalSection
EndGlobal
