
Microsoft Visual Studio Solution File, Format Version 12.00
# Visual Studio Version 16
VisualStudioVersion = 16.0.30320.27
MinimumVisualStudioVersion = 10.0.40219.1
Project("{FAE04EC0-301F-11D3-BF4B-00C04F79EFBC}") = "MusicInfoCompletion.Server", "MusicInfoCompletion.Server\MusicInfoCompletion.Server.csproj", "{09C3524E-C92D-4A5E-954D-B46975F50DF0}"
EndProject
Project("{FAE04EC0-301F-11D3-BF4B-00C04F79EFBC}") = "MusicInfoCompletion.Data", "MusicInfoCompletion.Data\MusicInfoCompletion.Data.csproj", "{64AAE205-2F0D-4BF3-A9FB-DBBD19F74EC6}"
EndProject
Global
	GlobalSection(SolutionConfigurationPlatforms) = preSolution
		Debug|Any CPU = Debug|Any CPU
		Release|Any CPU = Release|Any CPU
	EndGlobalSection
	GlobalSection(ProjectConfigurationPlatforms) = postSolution
		{09C3524E-C92D-4A5E-954D-B46975F50DF0}.Debug|Any CPU.ActiveCfg = Debug|Any CPU
		{09C3524E-C92D-4A5E-954D-B46975F50DF0}.Debug|Any CPU.Build.0 = Debug|Any CPU
		{09C3524E-C92D-4A5E-954D-B46975F50DF0}.Release|Any CPU.ActiveCfg = Release|Any CPU
		{09C3524E-C92D-4A5E-954D-B46975F50DF0}.Release|Any CPU.Build.0 = Release|Any CPU
		{64AAE205-2F0D-4BF3-A9FB-DBBD19F74EC6}.Debug|Any CPU.ActiveCfg = Debug|Any CPU
		{64AAE205-2F0D-4BF3-A9FB-DBBD19F74EC6}.Debug|Any CPU.Build.0 = Debug|Any CPU
		{64AAE205-2F0D-4BF3-A9FB-DBBD19F74EC6}.Release|Any CPU.ActiveCfg = Release|Any CPU
		{64AAE205-2F0D-4BF3-A9FB-DBBD19F74EC6}.Release|Any CPU.Build.0 = Release|Any CPU
	EndGlobalSection
	GlobalSection(SolutionProperties) = preSolution
		HideSolutionNode = FALSE
	EndGlobalSection
	GlobalSection(ExtensibilityGlobals) = postSolution
		SolutionGuid = {9B7F6C66-B22A-4ED3-B612-5744EAF017DE}
	EndGlobalSection
EndGlobal
